
Microsoft Visual Studio Solution File, Format Version 12.00
# Visual Studio Version 16
VisualStudioVersion = 16.0.30330.147
MinimumVisualStudioVersion = 10.0.40219.1
Project("{FAE04EC0-301F-11D3-BF4B-00C04F79EFBC}") = "Yerebakan.CQRS.Core", "Yerebakan.CQRS.Core\Yerebakan.CQRS.Core.csproj", "{9448E0B0-EC10-49D1-B124-C97D5BBA231B}"
EndProject
Project("{FAE04EC0-301F-11D3-BF4B-00C04F79EFBC}") = "Yerebakan.CQRS.Api", "Yerebakan.CQRS.Api\Yerebakan.CQRS.Api.csproj", "{B5C24699-D916-4FDF-90A1-8E2B048029D3}"
EndProject
Project("{FAE04EC0-301F-11D3-BF4B-00C04F79EFBC}") = "Yerebakan.CQRS.DependencyInjection", "Yerebakan.CQRS.DependencyInjection\Yerebakan.CQRS.DependencyInjection.csproj", "{7A3AEFB5-477E-4FA1-B52D-2E0D80B19602}"
EndProject
Global
	GlobalSection(SolutionConfigurationPlatforms) = preSolution
		Debug|Any CPU = Debug|Any CPU
		Release|Any CPU = Release|Any CPU
	EndGlobalSection
	GlobalSection(ProjectConfigurationPlatforms) = postSolution
		{9448E0B0-EC10-49D1-B124-C97D5BBA231B}.Debug|Any CPU.ActiveCfg = Debug|Any CPU
		{9448E0B0-EC10-49D1-B124-C97D5BBA231B}.Debug|Any CPU.Build.0 = Debug|Any CPU
		{9448E0B0-EC10-49D1-B124-C97D5BBA231B}.Release|Any CPU.ActiveCfg = Release|Any CPU
		{9448E0B0-EC10-49D1-B124-C97D5BBA231B}.Release|Any CPU.Build.0 = Release|Any CPU
		{B5C24699-D916-4FDF-90A1-8E2B048029D3}.Debug|Any CPU.ActiveCfg = Debug|Any CPU
		{B5C24699-D916-4FDF-90A1-8E2B048029D3}.Debug|Any CPU.Build.0 = Debug|Any CPU
		{B5C24699-D916-4FDF-90A1-8E2B048029D3}.Release|Any CPU.ActiveCfg = Release|Any CPU
		{B5C24699-D916-4FDF-90A1-8E2B048029D3}.Release|Any CPU.Build.0 = Release|Any CPU
		{7A3AEFB5-477E-4FA1-B52D-2E0D80B19602}.Debug|Any CPU.ActiveCfg = Debug|Any CPU
		{7A3AEFB5-477E-4FA1-B52D-2E0D80B19602}.Debug|Any CPU.Build.0 = Debug|Any CPU
		{7A3AEFB5-477E-4FA1-B52D-2E0D80B19602}.Release|Any CPU.ActiveCfg = Release|Any CPU
		{7A3AEFB5-477E-4FA1-B52D-2E0D80B19602}.Release|Any CPU.Build.0 = Release|Any CPU
	EndGlobalSection
	GlobalSection(SolutionProperties) = preSolution
		HideSolutionNode = FALSE
	EndGlobalSection
	GlobalSection(ExtensibilityGlobals) = postSolution
		SolutionGuid = {D39F28CE-E974-442D-9665-351773CB1BB5}
	EndGlobalSection
EndGlobal
